// !$*UTF8*$!
{
	archiveVersion = 1;
	classes = {
	};
	objectVersion = 56;
	objects = {

/* Begin PBXBuildFile section */
		7D8E321467220C5EB3810EDB /* libPods-MyTrack.a in Frameworks */ = {isa = PBXBuildFile; fileRef = 0C26493D8E9F208471A0053B /* libPods-MyTrack.a */; };
		955CFA3429896D32000A9F5C /* Track.swift in Sources */ = {isa = PBXBuildFile; fileRef = 955CFA3329896D32000A9F5C /* Track.swift */; };
		956CE42F29884A33005ACF42 /* AppDelegate.swift in Sources */ = {isa = PBXBuildFile; fileRef = 956CE42E29884A33005ACF42 /* AppDelegate.swift */; };
		956CE43129884A33005ACF42 /* SceneDelegate.swift in Sources */ = {isa = PBXBuildFile; fileRef = 956CE43029884A33005ACF42 /* SceneDelegate.swift */; };
		956CE43329884A33005ACF42 /* ViewController.swift in Sources */ = {isa = PBXBuildFile; fileRef = 956CE43229884A33005ACF42 /* ViewController.swift */; };
		956CE43629884A33005ACF42 /* Main.storyboard in Resources */ = {isa = PBXBuildFile; fileRef = 956CE43429884A33005ACF42 /* Main.storyboard */; };
		956CE43829884A34005ACF42 /* Assets.xcassets in Resources */ = {isa = PBXBuildFile; fileRef = 956CE43729884A34005ACF42 /* Assets.xcassets */; };
		956CE43B29884A34005ACF42 /* LaunchScreen.storyboard in Resources */ = {isa = PBXBuildFile; fileRef = 956CE43929884A34005ACF42 /* LaunchScreen.storyboard */; };
/* End PBXBuildFile section */

/* Begin PBXFileReference section */
		0C26493D8E9F208471A0053B /* libPods-MyTrack.a */ = {isa = PBXFileReference; explicitFileType = archive.ar; includeInIndex = 0; path = "libPods-MyTrack.a"; sourceTree = BUILT_PRODUCTS_DIR; };
		8A661AFB9BCED66027FC9F6A /* Pods-MyTrack.release.xcconfig */ = {isa = PBXFileReference; includeInIndex = 1; lastKnownFileType = text.xcconfig; name = "Pods-MyTrack.release.xcconfig"; path = "Target Support Files/Pods-MyTrack/Pods-MyTrack.release.xcconfig"; sourceTree = "<group>"; };
		955CFA3329896D32000A9F5C /* Track.swift */ = {isa = PBXFileReference; lastKnownFileType = sourcecode.swift; path = Track.swift; sourceTree = "<group>"; };
		956CE42B29884A33005ACF42 /* MyTrack.app */ = {isa = PBXFileReference; explicitFileType = wrapper.application; includeInIndex = 0; path = MyTrack.app; sourceTree = BUILT_PRODUCTS_DIR; };
		956CE42E29884A33005ACF42 /* AppDelegate.swift */ = {isa = PBXFileReference; lastKnownFileType = sourcecode.swift; path = AppDelegate.swift; sourceTree = "<group>"; };
		956CE43029884A33005ACF42 /* SceneDelegate.swift */ = {isa = PBXFileReference; lastKnownFileType = sourcecode.swift; path = SceneDelegate.swift; sourceTree = "<group>"; };
		956CE43229884A33005ACF42 /* ViewController.swift */ = {isa = PBXFileReference; lastKnownFileType = sourcecode.swift; path = ViewController.swift; sourceTree = "<group>"; };
		956CE43529884A33005ACF42 /* Base */ = {isa = PBXFileReference; lastKnownFileType = file.storyboard; name = Base; path = Base.lproj/Main.storyboard; sourceTree = "<group>"; };
		956CE43729884A34005ACF42 /* Assets.xcassets */ = {isa = PBXFileReference; lastKnownFileType = folder.assetcatalog; path = Assets.xcassets; sourceTree = "<group>"; };
		956CE43A29884A34005ACF42 /* Base */ = {isa = PBXFileReference; lastKnownFileType = file.storyboard; name = Base; path = Base.lproj/LaunchScreen.storyboard; sourceTree = "<group>"; };
		956CE43C29884A34005ACF42 /* Info.plist */ = {isa = PBXFileReference; lastKnownFileType = text.plist.xml; path = Info.plist; sourceTree = "<group>"; };
		DC7A5168712528EB32591461 /* Pods-MyTrack.debug.xcconfig */ = {isa = PBXFileReference; includeInIndex = 1; lastKnownFileType = text.xcconfig; name = "Pods-MyTrack.debug.xcconfig"; path = "Target Support Files/Pods-MyTrack/Pods-MyTrack.debug.xcconfig"; sourceTree = "<group>"; };
/* End PBXFileReference section */

/* Begin PBXFrameworksBuildPhase section */
		956CE42829884A33005ACF42 /* Frameworks */ = {
			isa = PBXFrameworksBuildPhase;
			buildActionMask = 2147483647;
			files = (
				7D8E321467220C5EB3810EDB /* libPods-MyTrack.a in Frameworks */,
			);
			runOnlyForDeploymentPostprocessing = 0;
		};
/* End PBXFrameworksBuildPhase section */

/* Begin PBXGroup section */
		40CA96D9D0D0B5FE3F91FB7E /* Pods */ = {
			isa = PBXGroup;
			children = (
				DC7A5168712528EB32591461 /* Pods-MyTrack.debug.xcconfig */,
				8A661AFB9BCED66027FC9F6A /* Pods-MyTrack.release.xcconfig */,
			);
			path = Pods;
			sourceTree = "<group>";
		};
		956CE42229884A33005ACF42 = {
			isa = PBXGroup;
			children = (
				956CE42D29884A33005ACF42 /* MyTrack */,
				956CE42C29884A33005ACF42 /* Products */,
				40CA96D9D0D0B5FE3F91FB7E /* Pods */,
				BAE75258DC25154113CCF9E4 /* Frameworks */,
			);
			sourceTree = "<group>";
		};
		956CE42C29884A33005ACF42 /* Products */ = {
			isa = PBXGroup;
			children = (
				956CE42B29884A33005ACF42 /* MyTrack.app */,
			);
			name = Products;
			sourceTree = "<group>";
		};
		956CE42D29884A33005ACF42 /* MyTrack */ = {
			isa = PBXGroup;
			children = (
				956CE42E29884A33005ACF42 /* AppDelegate.swift */,
				956CE43029884A33005ACF42 /* SceneDelegate.swift */,
				956CE43229884A33005ACF42 /* ViewController.swift */,
				955CFA3329896D32000A9F5C /* Track.swift */,
				956CE43429884A33005ACF42 /* Main.storyboard */,
				956CE43729884A34005ACF42 /* Assets.xcassets */,
				956CE43929884A34005ACF42 /* LaunchScreen.storyboard */,
				956CE43C29884A34005ACF42 /* Info.plist */,
			);
			path = MyTrack;
			sourceTree = "<group>";
		};
		BAE75258DC25154113CCF9E4 /* Frameworks */ = {
			isa = PBXGroup;
			children = (
				0C26493D8E9F208471A0053B /* libPods-MyTrack.a */,
			);
			name = Frameworks;
			sourceTree = "<group>";
		};
/* End PBXGroup section */

/* Begin PBXNativeTarget section */
		956CE42A29884A33005ACF42 /* MyTrack */ = {
			isa = PBXNativeTarget;
			buildConfigurationList = 956CE43F29884A34005ACF42 /* Build configuration list for PBXNativeTarget "MyTrack" */;
			buildPhases = (
				2850DEDF4DA5781FEB9E07E0 /* [CP] Check Pods Manifest.lock */,
				956CE42729884A33005ACF42 /* Sources */,
				956CE42829884A33005ACF42 /* Frameworks */,
				956CE42929884A33005ACF42 /* Resources */,
				B5503977F15FE90F13FCF151 /* [CP] Copy Pods Resources */,
			);
			buildRules = (
			);
			dependencies = (
			);
			name = MyTrack;
			productName = MyTrack;
			productReference = 956CE42B29884A33005ACF42 /* MyTrack.app */;
			productType = "com.apple.product-type.application";
		};
/* End PBXNativeTarget section */

/* Begin PBXProject section */
		956CE42329884A33005ACF42 /* Project object */ = {
			isa = PBXProject;
			attributes = {
				BuildIndependentTargetsInParallel = 1;
				LastSwiftUpdateCheck = 1410;
				LastUpgradeCheck = 1410;
				TargetAttributes = {
					956CE42A29884A33005ACF42 = {
						CreatedOnToolsVersion = 14.1;
					};
				};
			};
			buildConfigurationList = 956CE42629884A33005ACF42 /* Build configuration list for PBXProject "MyTrack" */;
			compatibilityVersion = "Xcode 14.0";
			developmentRegion = en;
			hasScannedForEncodings = 0;
			knownRegions = (
				en,
				Base,
			);
			mainGroup = 956CE42229884A33005ACF42;
			productRefGroup = 956CE42C29884A33005ACF42 /* Products */;
			projectDirPath = "";
			projectRoot = "";
			targets = (
				956CE42A29884A33005ACF42 /* MyTrack */,
			);
		};
/* End PBXProject section */

/* Begin PBXResourcesBuildPhase section */
		956CE42929884A33005ACF42 /* Resources */ = {
			isa = PBXResourcesBuildPhase;
			buildActionMask = 2147483647;
			files = (
				956CE43B29884A34005ACF42 /* LaunchScreen.storyboard in Resources */,
				956CE43829884A34005ACF42 /* Assets.xcassets in Resources */,
				956CE43629884A33005ACF42 /* Main.storyboard in Resources */,
			);
			runOnlyForDeploymentPostprocessing = 0;
		};
/* End PBXResourcesBuildPhase section */

/* Begin PBXShellScriptBuildPhase section */
		2850DEDF4DA5781FEB9E07E0 /* [CP] Check Pods Manifest.lock */ = {
			isa = PBXShellScriptBuildPhase;
			buildActionMask = 2147483647;
			files = (
			);
			inputFileListPaths = (
			);
			inputPaths = (
				"${PODS_PODFILE_DIR_PATH}/Podfile.lock",
				"${PODS_ROOT}/Manifest.lock",
			);
			name = "[CP] Check Pods Manifest.lock";
			outputFileListPaths = (
			);
			outputPaths = (
				"$(DERIVED_FILE_DIR)/Pods-MyTrack-checkManifestLockResult.txt",
			);
			runOnlyForDeploymentPostprocessing = 0;
			shellPath = /bin/sh;
			shellScript = "diff \"${PODS_PODFILE_DIR_PATH}/Podfile.lock\" \"${PODS_ROOT}/Manifest.lock\" > /dev/null\nif [ $? != 0 ] ; then\n    # print error to STDERR\n    echo \"error: The sandbox is not in sync with the Podfile.lock. Run 'pod install' or update your CocoaPods installation.\" >&2\n    exit 1\nfi\n# This output is used by Xcode 'outputs' to avoid re-running this script phase.\necho \"SUCCESS\" > \"${SCRIPT_OUTPUT_FILE_0}\"\n";
			showEnvVarsInLog = 0;
		};
		B5503977F15FE90F13FCF151 /* [CP] Copy Pods Resources */ = {
			isa = PBXShellScriptBuildPhase;
			buildActionMask = 2147483647;
			files = (
			);
			inputFileListPaths = (
				"${PODS_ROOT}/Target Support Files/Pods-MyTrack/Pods-MyTrack-resources-${CONFIGURATION}-input-files.xcfilelist",
			);
			name = "[CP] Copy Pods Resources";
			outputFileListPaths = (
				"${PODS_ROOT}/Target Support Files/Pods-MyTrack/Pods-MyTrack-resources-${CONFIGURATION}-output-files.xcfilelist",
			);
			runOnlyForDeploymentPostprocessing = 0;
			shellPath = /bin/sh;
			shellScript = "\"${PODS_ROOT}/Target Support Files/Pods-MyTrack/Pods-MyTrack-resources.sh\"\n";
			showEnvVarsInLog = 0;
		};
/* End PBXShellScriptBuildPhase section */

/* Begin PBXSourcesBuildPhase section */
		956CE42729884A33005ACF42 /* Sources */ = {
			isa = PBXSourcesBuildPhase;
			buildActionMask = 2147483647;
			files = (
				956CE43329884A33005ACF42 /* ViewController.swift in Sources */,
				956CE42F29884A33005ACF42 /* AppDelegate.swift in Sources */,
				956CE43129884A33005ACF42 /* SceneDelegate.swift in Sources */,
				955CFA3429896D32000A9F5C /* Track.swift in Sources */,
			);
			runOnlyForDeploymentPostprocessing = 0;
		};
/* End PBXSourcesBuildPhase section */

/* Begin PBXVariantGroup section */
		956CE43429884A33005ACF42 /* Main.storyboard */ = {
			isa = PBXVariantGroup;
			children = (
				956CE43529884A33005ACF42 /* Base */,
			);
			name = Main.storyboard;
			sourceTree = "<group>";
		};
		956CE43929884A34005ACF42 /* LaunchScreen.storyboard */ = {
			isa = PBXVariantGroup;
			children = (
				956CE43A29884A34005ACF42 /* Base */,
			);
			name = LaunchScreen.storyboard;
			sourceTree = "<group>";
		};
/* End PBXVariantGroup section */

/* Begin XCBuildConfiguration section */
		956CE43D29884A34005ACF42 /* Debug */ = {
			isa = XCBuildConfiguration;
			buildSettings = {
				ALWAYS_SEARCH_USER_PATHS = NO;
				CLANG_ANALYZER_NONNULL = YES;
				CLANG_ANALYZER_NUMBER_OBJECT_CONVERSION = YES_AGGRESSIVE;
				CLANG_CXX_LANGUAGE_STANDARD = "gnu++20";
				CLANG_ENABLE_MODULES = YES;
				CLANG_ENABLE_OBJC_ARC = YES;
				CLANG_ENABLE_OBJC_WEAK = YES;
				CLANG_WARN_BLOCK_CAPTURE_AUTORELEASING = YES;
				CLANG_WARN_BOOL_CONVERSION = YES;
				CLANG_WARN_COMMA = YES;
				CLANG_WARN_CONSTANT_CONVERSION = YES;
				CLANG_WARN_DEPRECATED_OBJC_IMPLEMENTATIONS = YES;
				CLANG_WARN_DIRECT_OBJC_ISA_USAGE = YES_ERROR;
				CLANG_WARN_DOCUMENTATION_COMMENTS = YES;
				CLANG_WARN_EMPTY_BODY = YES;
				CLANG_WARN_ENUM_CONVERSION = YES;
				CLANG_WARN_INFINITE_RECURSION = YES;
				CLANG_WARN_INT_CONVERSION = YES;
				CLANG_WARN_NON_LITERAL_NULL_CONVERSION = YES;
				CLANG_WARN_OBJC_IMPLICIT_RETAIN_SELF = YES;
				CLANG_WARN_OBJC_LITERAL_CONVERSION = YES;
				CLANG_WARN_OBJC_ROOT_CLASS = YES_ERROR;
				CLANG_WARN_QUOTED_INCLUDE_IN_FRAMEWORK_HEADER = YES;
				CLANG_WARN_RANGE_LOOP_ANALYSIS = YES;
				CLANG_WARN_STRICT_PROTOTYPES = YES;
				CLANG_WARN_SUSPICIOUS_MOVE = YES;
				CLANG_WARN_UNGUARDED_AVAILABILITY = YES_AGGRESSIVE;
				CLANG_WARN_UNREACHABLE_CODE = YES;
				CLANG_WARN__DUPLICATE_METHOD_MATCH = YES;
				COPY_PHASE_STRIP = NO;
				DEBUG_INFORMATION_FORMAT = dwarf;
				ENABLE_STRICT_OBJC_MSGSEND = YES;
				ENABLE_TESTABILITY = YES;
				GCC_C_LANGUAGE_STANDARD = gnu11;
				GCC_DYNAMIC_NO_PIC = NO;
				GCC_NO_COMMON_BLOCKS = YES;
				GCC_OPTIMIZATION_LEVEL = 0;
				GCC_PREPROCESSOR_DEFINITIONS = (
					"DEBUG=1",
					"$(inherited)",
				);
				GCC_WARN_64_TO_32_BIT_CONVERSION = YES;
				GCC_WARN_ABOUT_RETURN_TYPE = YES_ERROR;
				GCC_WARN_UNDECLARED_SELECTOR = YES;
				GCC_WARN_UNINITIALIZED_AUTOS = YES_AGGRESSIVE;
				GCC_WARN_UNUSED_FUNCTION = YES;
				GCC_WARN_UNUSED_VARIABLE = YES;
				IPHONEOS_DEPLOYMENT_TARGET = 16.1;
				MTL_ENABLE_DEBUG_INFO = INCLUDE_SOURCE;
				MTL_FAST_MATH = YES;
				ONLY_ACTIVE_ARCH = YES;
				SDKROOT = iphoneos;
				SWIFT_ACTIVE_COMPILATION_CONDITIONS = DEBUG;
				SWIFT_OPTIMIZATION_LEVEL = "-Onone";
			};
			name = Debug;
		};
		956CE43E29884A34005ACF42 /* Release */ = {
			isa = XCBuildConfiguration;
			buildSettings = {
				ALWAYS_SEARCH_USER_PATHS = NO;
				CLANG_ANALYZER_NONNULL = YES;
				CLANG_ANALYZER_NUMBER_OBJECT_CONVERSION = YES_AGGRESSIVE;
				CLANG_CXX_LANGUAGE_STANDARD = "gnu++20";
				CLANG_ENABLE_MODULES = YES;
				CLANG_ENABLE_OBJC_ARC = YES;
				CLANG_ENABLE_OBJC_WEAK = YES;
				CLANG_WARN_BLOCK_CAPTURE_AUTORELEASING = YES;
				CLANG_WARN_BOOL_CONVERSION = YES;
				CLANG_WARN_COMMA = YES;
				CLANG_WARN_CONSTANT_CONVERSION = YES;
				CLANG_WARN_DEPRECATED_OBJC_IMPLEMENTATIONS = YES;
				CLANG_WARN_DIRECT_OBJC_ISA_USAGE = YES_ERROR;
				CLANG_WARN_DOCUMENTATION_COMMENTS = YES;
				CLANG_WARN_EMPTY_BODY = YES;
				CLANG_WARN_ENUM_CONVERSION = YES;
				CLANG_WARN_INFINITE_RECURSION = YES;
				CLANG_WARN_INT_CONVERSION = YES;
				CLANG_WARN_NON_LITERAL_NULL_CONVERSION = YES;
				CLANG_WARN_OBJC_IMPLICIT_RETAIN_SELF = YES;
				CLANG_WARN_OBJC_LITERAL_CONVERSION = YES;
				CLANG_WARN_OBJC_ROOT_CLASS = YES_ERROR;
				CLANG_WARN_QUOTED_INCLUDE_IN_FRAMEWORK_HEADER = YES;
				CLANG_WARN_RANGE_LOOP_ANALYSIS = YES;
				CLANG_WARN_STRICT_PROTOTYPES = YES;
				CLANG_WARN_SUSPICIOUS_MOVE = YES;
				CLANG_WARN_UNGUARDED_AVAILABILITY = YES_AGGRESSIVE;
				CLANG_WARN_UNREACHABLE_CODE = YES;
				CLANG_WARN__DUPLICATE_METHOD_MATCH = YES;
				COPY_PHASE_STRIP = NO;
				DEBUG_INFORMATION_FORMAT = "dwarf-with-dsym";
				ENABLE_NS_ASSERTIONS = NO;
				ENABLE_STRICT_OBJC_MSGSEND = YES;
				GCC_C_LANGUAGE_STANDARD = gnu11;
				GCC_NO_COMMON_BLOCKS = YES;
				GCC_WARN_64_TO_32_BIT_CONVERSION = YES;
				GCC_WARN_ABOUT_RETURN_TYPE = YES_ERROR;
				GCC_WARN_UNDECLARED_SELECTOR = YES;
				GCC_WARN_UNINITIALIZED_AUTOS = YES_AGGRESSIVE;
				GCC_WARN_UNUSED_FUNCTION = YES;
				GCC_WARN_UNUSED_VARIABLE = YES;
				IPHONEOS_DEPLOYMENT_TARGET = 16.1;
				MTL_ENABLE_DEBUG_INFO = NO;
				MTL_FAST_MATH = YES;
				SDKROOT = iphoneos;
				SWIFT_COMPILATION_MODE = wholemodule;
				SWIFT_OPTIMIZATION_LEVEL = "-O";
				VALIDATE_PRODUCT = YES;
			};
			name = Release;
		};
		956CE44029884A34005ACF42 /* Debug */ = {
			isa = XCBuildConfiguration;
			baseConfigurationReference = DC7A5168712528EB32591461 /* Pods-MyTrack.debug.xcconfig */;
			buildSettings = {
				ASSETCATALOG_COMPILER_APPICON_NAME = AppIcon;
				ASSETCATALOG_COMPILER_GLOBAL_ACCENT_COLOR_NAME = AccentColor;
				CODE_SIGN_STYLE = Automatic;
				CURRENT_PROJECT_VERSION = 1;
				DEVELOPMENT_TEAM = TNTX3799P3;
				GENERATE_INFOPLIST_FILE = YES;
				INFOPLIST_FILE = MyTrack/Info.plist;
				INFOPLIST_KEY_NSLocationAlwaysAndWhenInUseUsageDescription = "Разрешите приложению следить за местоположением";
				INFOPLIST_KEY_NSLocationWhenInUseUsageDescription = "Разрешите приложению следить за местоположением";
				INFOPLIST_KEY_UIApplicationSupportsIndirectInputEvents = YES;
				INFOPLIST_KEY_UILaunchStoryboardName = LaunchScreen;
				INFOPLIST_KEY_UIMainStoryboardFile = Main;
				INFOPLIST_KEY_UISupportedInterfaceOrientations = UIInterfaceOrientationPortrait;
				INFOPLIST_KEY_UISupportedInterfaceOrientations_iPad = "UIInterfaceOrientationLandscapeLeft UIInterfaceOrientationLandscapeRight UIInterfaceOrientationPortrait UIInterfaceOrientationPortraitUpsideDown";
				IPHONEOS_DEPLOYMENT_TARGET = 16.0;
				LD_RUNPATH_SEARCH_PATHS = (
					"$(inherited)",
					"@executable_path/Frameworks",
				);
				MARKETING_VERSION = 1.0;
				PRODUCT_BUNDLE_IDENTIFIER = DenisDmitriev.MyTrack;
				PRODUCT_NAME = "$(TARGET_NAME)";
				SWIFT_EMIT_LOC_STRINGS = YES;
				SWIFT_VERSION = 5.0;
				TARGETED_DEVICE_FAMILY = "1,2";
			};
			name = Debug;
		};
		956CE44129884A34005ACF42 /* Release */ = {
			isa = XCBuildConfiguration;
			baseConfigurationReference = 8A661AFB9BCED66027FC9F6A /* Pods-MyTrack.release.xcconfig */;
			buildSettings = {
				ASSETCATALOG_COMPILER_APPICON_NAME = AppIcon;
				ASSETCATALOG_COMPILER_GLOBAL_ACCENT_COLOR_NAME = AccentColor;
				CODE_SIGN_STYLE = Automatic;
				CURRENT_PROJECT_VERSION = 1;
				DEVELOPMENT_TEAM = TNTX3799P3;
				GENERATE_INFOPLIST_FILE = YES;
				INFOPLIST_FILE = MyTrack/Info.plist;
				INFOPLIST_KEY_NSLocationAlwaysAndWhenInUseUsageDescription = "Разрешите приложению следить за местоположением";
				INFOPLIST_KEY_NSLocationWhenInUseUsageDescription = "Разрешите приложению следить за местоположением";
				INFOPLIST_KEY_UIApplicationSupportsIndirectInputEvents = YES;
				INFOPLIST_KEY_UILaunchStoryboardName = LaunchScreen;
				INFOPLIST_KEY_UIMainStoryboardFile = Main;
				INFOPLIST_KEY_UISupportedInterfaceOrientations = UIInterfaceOrientationPortrait;
				INFOPLIST_KEY_UISupportedInterfaceOrientations_iPad = "UIInterfaceOrientationLandscapeLeft UIInterfaceOrientationLandscapeRight UIInterfaceOrientationPortrait UIInterfaceOrientationPortraitUpsideDown";
				IPHONEOS_DEPLOYMENT_TARGET = 16.0;
				LD_RUNPATH_SEARCH_PATHS = (
					"$(inherited)",
					"@executable_path/Frameworks",
				);
				MARKETING_VERSION = 1.0;
				PRODUCT_BUNDLE_IDENTIFIER = DenisDmitriev.MyTrack;
				PRODUCT_NAME = "$(TARGET_NAME)";
				SWIFT_EMIT_LOC_STRINGS = YES;
				SWIFT_VERSION = 5.0;
				TARGETED_DEVICE_FAMILY = "1,2";
			};
			name = Release;
		};
/* End XCBuildConfiguration section */

/* Begin XCConfigurationList section */
		956CE42629884A33005ACF42 /* Build configuration list for PBXProject "MyTrack" */ = {
			isa = XCConfigurationList;
			buildConfigurations = (
				956CE43D29884A34005ACF42 /* Debug */,
				956CE43E29884A34005ACF42 /* Release */,
			);
			defaultConfigurationIsVisible = 0;
			defaultConfigurationName = Release;
		};
		956CE43F29884A34005ACF42 /* Build configuration list for PBXNativeTarget "MyTrack" */ = {
			isa = XCConfigurationList;
			buildConfigurations = (
				956CE44029884A34005ACF42 /* Debug */,
				956CE44129884A34005ACF42 /* Release */,
			);
			defaultConfigurationIsVisible = 0;
			defaultConfigurationName = Release;
		};
/* End XCConfigurationList section */
	};
	rootObject = 956CE42329884A33005ACF42 /* Project object */;
}
